Microsoft Visual Studio Solution File, Format Version 12.00
# Visual Studio Version 17
VisualStudioVersion = 17.5.2.0
MinimumVisualStudioVersion = 10.0.40219.1
Project("{FAE04EC0-301F-11D3-BF4B-00C04F79EFBC}") = "Killerfilo", "Killerfilo.csproj", "{D8C0FC23-95AF-8020-7D3F-6188BEE90757}"
EndProject
Global
	GlobalSection(SolutionConfigurationPlatforms) = preSolution
		Debug|Any CPU = Debug|Any CPU
		Release|Any CPU = Release|Any CPU
	EndGlobalSection
	GlobalSection(ProjectConfigurationPlatforms) = postSolution
		{D8C0FC23-95AF-8020-7D3F-6188BEE90757}.Debug|Any CPU.ActiveCfg = Debug|Any CPU
		{D8C0FC23-95AF-8020-7D3F-6188BEE90757}.Debug|Any CPU.Build.0 = Debug|Any CPU
		{D8C0FC23-95AF-8020-7D3F-6188BEE90757}.Release|Any CPU.ActiveCfg = Release|Any CPU
		{D8C0FC23-95AF-8020-7D3F-6188BEE90757}.Release|Any CPU.Build.0 = Release|Any CPU
	EndGlobalSection
	GlobalSection(SolutionProperties) = preSolution
		HideSolutionNode = FALSE
	EndGlobalSection
	GlobalSection(ExtensibilityGlobals) = postSolution
		SolutionGuid = {F83780D0-4752-4532-906A-5110DA494B5C}
	EndGlobalSection
EndGlobal
